
Microsoft Visual Studio Solution File, Format Version 12.00
# Visual Studio Version 16
VisualStudioVersion = 16.0.30907.101
MinimumVisualStudioVersion = 10.0.40219.1
Project("{9A19103F-16F7-4668-BE54-9A1E7A4F7556}") = "MuckScraperMVCApp", "MuckScraperMVCApp.csproj", "{EB374B73-67C9-424B-9FBF-1AC6C1D30473}"
EndProject
Project("{FAE04EC0-301F-11D3-BF4B-00C04F79EFBC}") = "MuckScraperTests", "..\MuckScraperTests\MuckScraperTests.csproj", "{2C4FC1B2-CFD2-42B6-B323-59C9071E5B63}"
EndProject
Global
	GlobalSection(SolutionConfigurationPlatforms) = preSolution
		Debug|Any CPU = Debug|Any CPU
		Release|Any CPU = Release|Any CPU
	EndGlobalSection
	GlobalSection(ProjectConfigurationPlatforms) = postSolution
		{EB374B73-67C9-424B-9FBF-1AC6C1D30473}.Debug|Any CPU.ActiveCfg = Debug|Any CPU
		{EB374B73-67C9-424B-9FBF-1AC6C1D30473}.Debug|Any CPU.Build.0 = Debug|Any CPU
		{EB374B73-67C9-424B-9FBF-1AC6C1D30473}.Release|Any CPU.ActiveCfg = Release|Any CPU
		{EB374B73-67C9-424B-9FBF-1AC6C1D30473}.Release|Any CPU.Build.0 = Release|Any CPU
		{2C4FC1B2-CFD2-42B6-B323-59C9071E5B63}.Debug|Any CPU.ActiveCfg = Debug|Any CPU
		{2C4FC1B2-CFD2-42B6-B323-59C9071E5B63}.Debug|Any CPU.Build.0 = Debug|Any CPU
		{2C4FC1B2-CFD2-42B6-B323-59C9071E5B63}.Release|Any CPU.ActiveCfg = Release|Any CPU
		{2C4FC1B2-CFD2-42B6-B323-59C9071E5B63}.Release|Any CPU.Build.0 = Release|Any CPU
	EndGlobalSection
	GlobalSection(SolutionProperties) = preSolution
		HideSolutionNode = FALSE
	EndGlobalSection
	GlobalSection(ExtensibilityGlobals) = postSolution
		SolutionGuid = {7B3A5544-FF13-403F-999C-E0216942485F}
	EndGlobalSection
EndGlobal
